
Microsoft Visual Studio Solution File, Format Version 12.00
# Visual Studio Version 18
VisualStudioVersion = 18.2.11408.102
MinimumVisualStudioVersion = 10.0.40219.1
Project("{FAE04EC0-301F-11D3-BF4B-00C04F79EFBC}") = "InstallationWizard", "InstallationWizard\InstallationWizard.csproj", "{4304F673-7834-495C-B245-FB11048B81B9}"
EndProject
Project("{FAE04EC0-301F-11D3-BF4B-00C04F79EFBC}") = "AerialCity", "AerialCity\AerialCity.csproj", "{95D6DFA5-4CB4-4F05-A75B-1A3DBB78B89B}"
EndProject
Project("{FAE04EC0-301F-11D3-BF4B-00C04F79EFBC}") = "Ferrita", "Ferrita\Ferrita.csproj", "{4A04981F-EAD5-70BC-AD22-81F70526ED34}"
EndProject
Project("{FAE04EC0-301F-11D3-BF4B-00C04F79EFBC}") = "OKXML", "OKXML\OKXML.csproj", "{2F0D8E9D-A81E-47C2-AFCE-769A08375CD9}"
EndProject
Project("{FAE04EC0-301F-11D3-BF4B-00C04F79EFBC}") = "OKXML.Tests", "OKXML.Tests\OKXML.Tests.csproj", "{241053BE-6DD3-4542-8FC5-E345A795BDFA}"
EndProject
Global
	GlobalSection(SolutionConfigurationPlatforms) = preSolution
		Debug|Any CPU = Debug|Any CPU
		Debug|x64 = Debug|x64
		Debug|x86 = Debug|x86
		Release|Any CPU = Release|Any CPU
		Release|x64 = Release|x64
		Release|x86 = Release|x86
	EndGlobalSection
	GlobalSection(ProjectConfigurationPlatforms) = postSolution
		{4304F673-7834-495C-B245-FB11048B81B9}.Debug|Any CPU.ActiveCfg = Debug|Any CPU
		{4304F673-7834-495C-B245-FB11048B81B9}.Debug|Any CPU.Build.0 = Debug|Any CPU
		{4304F673-7834-495C-B245-FB11048B81B9}.Debug|x64.ActiveCfg = Debug|Any CPU
		{4304F673-7834-495C-B245-FB11048B81B9}.Debug|x64.Build.0 = Debug|Any CPU
		{4304F673-7834-495C-B245-FB11048B81B9}.Debug|x86.ActiveCfg = Debug|Any CPU
		{4304F673-7834-495C-B245-FB11048B81B9}.Debug|x86.Build.0 = Debug|Any CPU
		{4304F673-7834-495C-B245-FB11048B81B9}.Release|Any CPU.ActiveCfg = Release|Any CPU
		{4304F673-7834-495C-B245-FB11048B81B9}.Release|Any CPU.Build.0 = Release|Any CPU
		{4304F673-7834-495C-B245-FB11048B81B9}.Release|x64.ActiveCfg = Release|Any CPU
		{4304F673-7834-495C-B245-FB11048B81B9}.Release|x64.Build.0 = Release|Any CPU
		{4304F673-7834-495C-B245-FB11048B81B9}.Release|x86.ActiveCfg = Release|Any CPU
		{4304F673-7834-495C-B245-FB11048B81B9}.Release|x86.Build.0 = Release|Any CPU
		{95D6DFA5-4CB4-4F05-A75B-1A3DBB78B89B}.Debug|Any CPU.ActiveCfg = Debug|Any CPU
		{95D6DFA5-4CB4-4F05-A75B-1A3DBB78B89B}.Debug|Any CPU.Build.0 = Debug|Any CPU
		{95D6DFA5-4CB4-4F05-A75B-1A3DBB78B89B}.Debug|x64.ActiveCfg = Debug|Any CPU
		{95D6DFA5-4CB4-4F05-A75B-1A3DBB78B89B}.Debug|x64.Build.0 = Debug|Any CPU
		{95D6DFA5-4CB4-4F05-A75B-1A3DBB78B89B}.Debug|x86.ActiveCfg = Debug|Any CPU
		{95D6DFA5-4CB4-4F05-A75B-1A3DBB78B89B}.Debug|x86.Build.0 = Debug|Any CPU
		{95D6DFA5-4CB4-4F05-A75B-1A3DBB78B89B}.Release|Any CPU.ActiveCfg = Release|Any CPU
		{95D6DFA5-4CB4-4F05-A75B-1A3DBB78B89B}.Release|Any CPU.Build.0 = Release|Any CPU
		{95D6DFA5-4CB4-4F05-A75B-1A3DBB78B89B}.Release|x64.ActiveCfg = Release|Any CPU
		{95D6DFA5-4CB4-4F05-A75B-1A3DBB78B89B}.Release|x64.Build.0 = Release|Any CPU
		{95D6DFA5-4CB4-4F05-A75B-1A3DBB78B89B}.Release|x86.ActiveCfg = Release|Any CPU
		{95D6DFA5-4CB4-4F05-A75B-1A3DBB78B89B}.Release|x86.Build.0 = Release|Any CPU
		{4A04981F-EAD5-70BC-AD22-81F70526ED34}.Debug|Any CPU.ActiveCfg = Debug|Any CPU
		{4A04981F-EAD5-70BC-AD22-81F70526ED34}.Debug|Any CPU.Build.0 = Debug|Any CPU
		{4A04981F-EAD5-70BC-AD22-81F70526ED34}.Debug|x64.ActiveCfg = Debug|Any CPU
		{4A04981F-EAD5-70BC-AD22-81F70526ED34}.Debug|x64.Build.0 = Debug|Any CPU
		{4A04981F-EAD5-70BC-AD22-81F70526ED34}.Debug|x86.ActiveCfg = Debug|Any CPU
		{4A04981F-EAD5-70BC-AD22-81F70526ED34}.Debug|x86.Build.0 = Debug|Any CPU
		{4A04981F-EAD5-70BC-AD22-81F70526ED34}.Release|Any CPU.ActiveCfg = Release|Any CPU
		{4A04981F-EAD5-70BC-AD22-81F70526ED34}.Release|Any CPU.Build.0 = Release|Any CPU
		{4A04981F-EAD5-70BC-AD22-81F70526ED34}.Release|x64.ActiveCfg = Release|Any CPU
		{4A04981F-EAD5-70BC-AD22-81F70526ED34}.Release|x64.Build.0 = Release|Any CPU
		{4A04981F-EAD5-70BC-AD22-81F70526ED34}.Release|x86.ActiveCfg = Release|Any CPU
		{4A04981F-EAD5-70BC-AD22-81F70526ED34}.Release|x86.Build.0 = Release|Any CPU
		{2F0D8E9D-A81E-47C2-AFCE-769A08375CD9}.Debug|Any CPU.ActiveCfg = Debug|Any CPU
		{2F0D8E9D-A81E-47C2-AFCE-769A08375CD9}.Debug|Any CPU.Build.0 = Debug|Any CPU
		{2F0D8E9D-A81E-47C2-AFCE-769A08375CD9}.Debug|x64.ActiveCfg = Debug|Any CPU
		{2F0D8E9D-A81E-47C2-AFCE-769A08375CD9}.Debug|x64.Build.0 = Debug|Any CPU
		{2F0D8E9D-A81E-47C2-AFCE-769A08375CD9}.Debug|x86.ActiveCfg = Debug|Any CPU
		{2F0D8E9D-A81E-47C2-AFCE-769A08375CD9}.Debug|x86.Build.0 = Debug|Any CPU
		{2F0D8E9D-A81E-47C2-AFCE-769A08375CD9}.Release|Any CPU.ActiveCfg = Release|Any CPU
		{2F0D8E9D-A81E-47C2-AFCE-769A08375CD9}.Release|Any CPU.Build.0 = Release|Any CPU
		{2F0D8E9D-A81E-47C2-AFCE-769A08375CD9}.Release|x64.ActiveCfg = Release|Any CPU
		{2F0D8E9D-A81E-47C2-AFCE-769A08375CD9}.Release|x64.Build.0 = Release|Any CPU
		{2F0D8E9D-A81E-47C2-AFCE-769A08375CD9}.Release|x86.ActiveCfg = Release|Any CPU
		{2F0D8E9D-A81E-47C2-AFCE-769A08375CD9}.Release|x86.Build.0 = Release|Any CPU
		{241053BE-6DD3-4542-8FC5-E345A795BDFA}.Debug|Any CPU.ActiveCfg = Debug|Any CPU
		{241053BE-6DD3-4542-8FC5-E345A795BDFA}.Debug|Any CPU.Build.0 = Debug|Any CPU
		{241053BE-6DD3-4542-8FC5-E345A795BDFA}.Debug|x64.ActiveCfg = Debug|Any CPU
		{241053BE-6DD3-4542-8FC5-E345A795BDFA}.Debug|x64.Build.0 = Debug|Any CPU
		{241053BE-6DD3-4542-8FC5-E345A795BDFA}.Debug|x86.ActiveCfg = Debug|Any CPU
		{241053BE-6DD3-4542-8FC5-E345A795BDFA}.Debug|x86.Build.0 = Debug|Any CPU
		{241053BE-6DD3-4542-8FC5-E345A795BDFA}.Release|Any CPU.ActiveCfg = Release|Any CPU
		{241053BE-6DD3-4542-8FC5-E345A795BDFA}.Release|Any CPU.Build.0 = Release|Any CPU
		{241053BE-6DD3-4542-8FC5-E345A795BDFA}.Release|x64.ActiveCfg = Release|Any CPU
		{241053BE-6DD3-4542-8FC5-E345A795BDFA}.Release|x64.Build.0 = Release|Any CPU
		{241053BE-6DD3-4542-8FC5-E345A795BDFA}.Release|x86.ActiveCfg = Release|Any CPU
		{241053BE-6DD3-4542-8FC5-E345A795BDFA}.Release|x86.Build.0 = Release|Any CPU
	EndGlobalSection
	GlobalSection(SolutionProperties) = preSolution
		HideSolutionNode = FALSE
	EndGlobalSection
EndGlobal
