Microsoft Visual Studio Solution File, Format Version 12.00
# Visual Studio Version 17
VisualStudioVersion = 17.0.31903.59
MinimumVisualStudioVersion = 10.0.40219.1
Project("{FAE04EC0-301F-11D3-BF4B-00C04F79EFBC}") = "Skyweaver", "Skyweaver\Skyweaver.csproj", "{412F178B-4128-4694-9904-148A327CF653}"
EndProject
Project("{FAE04EC0-301F-11D3-BF4B-00C04F79EFBC}") = "Skylifter", "Skylifter\Skylifter.csproj", "{88F2DF41-5B09-4B59-91B5-1EB3C1770A17}"
EndProject
Project("{FAE04EC0-301F-11D3-BF4B-00C04F79EFBC}") = "InstallationWizard", "InstallationWizard\InstallationWizard.csproj", "{4304F673-7834-495C-B245-FB11048B81B9}"
EndProject
Project("{FAE04EC0-301F-11D3-BF4B-00C04F79EFBC}") = "AerialCity", "AerialCity\AerialCity.csproj", "{95D6DFA5-4CB4-4F05-A75B-1A3DBB78B89B}"
EndProject
Global
	GlobalSection(SolutionConfigurationPlatforms) = preSolution
		Debug|Any CPU = Debug|Any CPU
		Debug|x64 = Debug|x64
		Debug|x86 = Debug|x86
		Release|Any CPU = Release|Any CPU
		Release|x64 = Release|x64
		Release|x86 = Release|x86
	EndGlobalSection
	GlobalSection(ProjectConfigurationPlatforms) = postSolution
		{412F178B-4128-4694-9904-148A327CF653}.Debug|Any CPU.ActiveCfg = Debug|Any CPU
		{412F178B-4128-4694-9904-148A327CF653}.Debug|Any CPU.Build.0 = Debug|Any CPU
		{412F178B-4128-4694-9904-148A327CF653}.Debug|x64.ActiveCfg = Debug|Any CPU
		{412F178B-4128-4694-9904-148A327CF653}.Debug|x64.Build.0 = Debug|Any CPU
		{412F178B-4128-4694-9904-148A327CF653}.Debug|x86.ActiveCfg = Debug|Any CPU
		{412F178B-4128-4694-9904-148A327CF653}.Debug|x86.Build.0 = Debug|Any CPU
		{412F178B-4128-4694-9904-148A327CF653}.Release|Any CPU.ActiveCfg = Release|Any CPU
		{412F178B-4128-4694-9904-148A327CF653}.Release|Any CPU.Build.0 = Release|Any CPU
		{412F178B-4128-4694-9904-148A327CF653}.Release|x64.ActiveCfg = Release|Any CPU
		{412F178B-4128-4694-9904-148A327CF653}.Release|x64.Build.0 = Release|Any CPU
		{412F178B-4128-4694-9904-148A327CF653}.Release|x86.ActiveCfg = Release|Any CPU
		{412F178B-4128-4694-9904-148A327CF653}.Release|x86.Build.0 = Release|Any CPU
		{88F2DF41-5B09-4B59-91B5-1EB3C1770A17}.Debug|Any CPU.ActiveCfg = Debug|Any CPU
		{88F2DF41-5B09-4B59-91B5-1EB3C1770A17}.Debug|Any CPU.Build.0 = Debug|Any CPU
		{88F2DF41-5B09-4B59-91B5-1EB3C1770A17}.Debug|x64.ActiveCfg = Debug|Any CPU
		{88F2DF41-5B09-4B59-91B5-1EB3C1770A17}.Debug|x64.Build.0 = Debug|Any CPU
		{88F2DF41-5B09-4B59-91B5-1EB3C1770A17}.Debug|x86.ActiveCfg = Debug|Any CPU
		{88F2DF41-5B09-4B59-91B5-1EB3C1770A17}.Debug|x86.Build.0 = Debug|Any CPU
		{88F2DF41-5B09-4B59-91B5-1EB3C1770A17}.Release|Any CPU.ActiveCfg = Release|Any CPU
		{88F2DF41-5B09-4B59-91B5-1EB3C1770A17}.Release|Any CPU.Build.0 = Release|Any CPU
		{88F2DF41-5B09-4B59-91B5-1EB3C1770A17}.Release|x64.ActiveCfg = Release|Any CPU
		{88F2DF41-5B09-4B59-91B5-1EB3C1770A17}.Release|x64.Build.0 = Release|Any CPU
		{88F2DF41-5B09-4B59-91B5-1EB3C1770A17}.Release|x86.ActiveCfg = Release|Any CPU
		{88F2DF41-5B09-4B59-91B5-1EB3C1770A17}.Release|x86.Build.0 = Release|Any CPU
		{4304F673-7834-495C-B245-FB11048B81B9}.Debug|Any CPU.ActiveCfg = Debug|Any CPU
		{4304F673-7834-495C-B245-FB11048B81B9}.Debug|Any CPU.Build.0 = Debug|Any CPU
		{4304F673-7834-495C-B245-FB11048B81B9}.Debug|x64.ActiveCfg = Debug|Any CPU
		{4304F673-7834-495C-B245-FB11048B81B9}.Debug|x64.Build.0 = Debug|Any CPU
		{4304F673-7834-495C-B245-FB11048B81B9}.Debug|x86.ActiveCfg = Debug|Any CPU
		{4304F673-7834-495C-B245-FB11048B81B9}.Debug|x86.Build.0 = Debug|Any CPU
		{4304F673-7834-495C-B245-FB11048B81B9}.Release|Any CPU.ActiveCfg = Release|Any CPU
		{4304F673-7834-495C-B245-FB11048B81B9}.Release|Any CPU.Build.0 = Release|Any CPU
		{4304F673-7834-495C-B245-FB11048B81B9}.Release|x64.ActiveCfg = Release|Any CPU
		{4304F673-7834-495C-B245-FB11048B81B9}.Release|x64.Build.0 = Release|Any CPU
		{4304F673-7834-495C-B245-FB11048B81B9}.Release|x86.ActiveCfg = Release|Any CPU
		{4304F673-7834-495C-B245-FB11048B81B9}.Release|x86.Build.0 = Release|Any CPU
		{95D6DFA5-4CB4-4F05-A75B-1A3DBB78B89B}.Debug|Any CPU.ActiveCfg = Debug|Any CPU
		{95D6DFA5-4CB4-4F05-A75B-1A3DBB78B89B}.Debug|Any CPU.Build.0 = Debug|Any CPU
		{95D6DFA5-4CB4-4F05-A75B-1A3DBB78B89B}.Debug|x64.ActiveCfg = Debug|Any CPU
		{95D6DFA5-4CB4-4F05-A75B-1A3DBB78B89B}.Debug|x64.Build.0 = Debug|Any CPU
		{95D6DFA5-4CB4-4F05-A75B-1A3DBB78B89B}.Debug|x86.ActiveCfg = Debug|Any CPU
		{95D6DFA5-4CB4-4F05-A75B-1A3DBB78B89B}.Debug|x86.Build.0 = Debug|Any CPU
		{95D6DFA5-4CB4-4F05-A75B-1A3DBB78B89B}.Release|Any CPU.ActiveCfg = Release|Any CPU
		{95D6DFA5-4CB4-4F05-A75B-1A3DBB78B89B}.Release|Any CPU.Build.0 = Release|Any CPU
		{95D6DFA5-4CB4-4F05-A75B-1A3DBB78B89B}.Release|x64.ActiveCfg = Release|Any CPU
		{95D6DFA5-4CB4-4F05-A75B-1A3DBB78B89B}.Release|x64.Build.0 = Release|Any CPU
		{95D6DFA5-4CB4-4F05-A75B-1A3DBB78B89B}.Release|x86.ActiveCfg = Release|Any CPU
		{95D6DFA5-4CB4-4F05-A75B-1A3DBB78B89B}.Release|x86.Build.0 = Release|Any CPU
	EndGlobalSection
	GlobalSection(SolutionProperties) = preSolution
		HideSolutionNode = FALSE
	EndGlobalSection
EndGlobal
